
Microsoft Visual Studio Solution File, Format Version 12.00
# Visual Studio Version 16
VisualStudioVersion = 16.0.30611.23
MinimumVisualStudioVersion = 10.0.40219.1
Project("{FAE04EC0-301F-11D3-BF4B-00C04F79EFBC}") = "RealEstateAgencyApp", "RealEstateAgencyApp\RealEstateAgencyApp.csproj", "{FF4A8120-0C5F-42D9-81B7-B1C6D254EC7A}"
EndProject
Global
	GlobalSection(SolutionConfigurationPlatforms) = preSolution
		Debug|Any CPU = Debug|Any CPU
		Release|Any CPU = Release|Any CPU
	EndGlobalSection
	GlobalSection(ProjectConfigurationPlatforms) = postSolution
		{FF4A8120-0C5F-42D9-81B7-B1C6D254EC7A}.Debug|Any CPU.ActiveCfg = Debug|Any CPU
		{FF4A8120-0C5F-42D9-81B7-B1C6D254EC7A}.Debug|Any CPU.Build.0 = Debug|Any CPU
		{FF4A8120-0C5F-42D9-81B7-B1C6D254EC7A}.Release|Any CPU.ActiveCfg = Release|Any CPU
		{FF4A8120-0C5F-42D9-81B7-B1C6D254EC7A}.Release|Any CPU.Build.0 = Release|Any CPU
	EndGlobalSection
	GlobalSection(SolutionProperties) = preSolution
		HideSolutionNode = FALSE
	EndGlobalSection
	GlobalSection(ExtensibilityGlobals) = postSolution
		SolutionGuid = {7657B1CE-C3B9-4689-93F5-4CB37E35DAE8}
	EndGlobalSection
EndGlobal
